
Microsoft Visual Studio Solution File, Format Version 12.00
# Visual Studio Version 17
VisualStudioVersion = 17.14.37012.4 d17.14
MinimumVisualStudioVersion = 10.0.40219.1
Project("{FAE04EC0-301F-11D3-BF4B-00C04F79EFBC}") = "Schism", "Schism.csproj", "{515CD5DB-F93E-48B1-A7D8-DE40895E1073}"
EndProject
Global
	GlobalSection(SolutionConfigurationPlatforms) = preSolution
		Debug|Any CPU = Debug|Any CPU
		Release|Any CPU = Release|Any CPU
	EndGlobalSection
	GlobalSection(ProjectConfigurationPlatforms) = postSolution
		{515CD5DB-F93E-48B1-A7D8-DE40895E1073}.Debug|Any CPU.ActiveCfg = Debug|Any CPU
		{515CD5DB-F93E-48B1-A7D8-DE40895E1073}.Debug|Any CPU.Build.0 = Debug|Any CPU
		{515CD5DB-F93E-48B1-A7D8-DE40895E1073}.Release|Any CPU.ActiveCfg = Release|Any CPU
		{515CD5DB-F93E-48B1-A7D8-DE40895E1073}.Release|Any CPU.Build.0 = Release|Any CPU
	EndGlobalSection
	GlobalSection(SolutionProperties) = preSolution
		HideSolutionNode = FALSE
	EndGlobalSection
	GlobalSection(ExtensibilityGlobals) = postSolution
		SolutionGuid = {F5D063DC-07DC-438F-B20E-0C39B354EC9F}
	EndGlobalSection
EndGlobal
