
Microsoft Visual Studio Solution File, Format Version 12.00
# Visual Studio Version 17
VisualStudioVersion = 17.14.37216.2
MinimumVisualStudioVersion = 10.0.40219.1
Project("{FAE04EC0-301F-11D3-BF4B-00C04F79EFBC}") = "Schiism.Core", "Schiism.Core\Schiism.Core.csproj", "{2D9AE2C6-8145-4BAB-A856-F74AC096E250}"
EndProject
Project("{FAE04EC0-301F-11D3-BF4B-00C04F79EFBC}") = "Schiism.Cli", "Schiism.Cli\Schiism.Cli.csproj", "{6861D542-2E4C-474C-97FD-40E4CD79230D}"
EndProject
Project("{FAE04EC0-301F-11D3-BF4B-00C04F79EFBC}") = "Schiism.WPF", "Schiism.WPF\Schiism.WPF.csproj", "{4F9FEC47-6B9D-816C-CEBB-28D9ED586D03}"
EndProject
Project("{FAE04EC0-301F-11D3-BF4B-00C04F79EFBC}") = "Schiism.Service", "Schiism.Service\Schiism.Service.csproj", "{3185F97B-262D-478E-B009-271CEC4A7097}"
EndProject
Project("{FAE04EC0-301F-11D3-BF4B-00C04F79EFBC}") = "Schiism.IPC", "Schiism.IPC\Schiism.IPC.csproj", "{8ABFF932-98C6-4CB7-814A-4D3729BE95E0}"
EndProject
Global
	GlobalSection(SolutionConfigurationPlatforms) = preSolution
		Debug|Any CPU = Debug|Any CPU
		Release|Any CPU = Release|Any CPU
	EndGlobalSection
	GlobalSection(ProjectConfigurationPlatforms) = postSolution
		{2D9AE2C6-8145-4BAB-A856-F74AC096E250}.Debug|Any CPU.ActiveCfg = Debug|Any CPU
		{2D9AE2C6-8145-4BAB-A856-F74AC096E250}.Debug|Any CPU.Build.0 = Debug|Any CPU
		{2D9AE2C6-8145-4BAB-A856-F74AC096E250}.Release|Any CPU.ActiveCfg = Release|Any CPU
		{2D9AE2C6-8145-4BAB-A856-F74AC096E250}.Release|Any CPU.Build.0 = Release|Any CPU
		{6861D542-2E4C-474C-97FD-40E4CD79230D}.Debug|Any CPU.ActiveCfg = Debug|Any CPU
		{6861D542-2E4C-474C-97FD-40E4CD79230D}.Debug|Any CPU.Build.0 = Debug|Any CPU
		{6861D542-2E4C-474C-97FD-40E4CD79230D}.Release|Any CPU.ActiveCfg = Release|Any CPU
		{6861D542-2E4C-474C-97FD-40E4CD79230D}.Release|Any CPU.Build.0 = Release|Any CPU
		{4F9FEC47-6B9D-816C-CEBB-28D9ED586D03}.Debug|Any CPU.ActiveCfg = Debug|Any CPU
		{4F9FEC47-6B9D-816C-CEBB-28D9ED586D03}.Debug|Any CPU.Build.0 = Debug|Any CPU
		{4F9FEC47-6B9D-816C-CEBB-28D9ED586D03}.Release|Any CPU.ActiveCfg = Release|Any CPU
		{4F9FEC47-6B9D-816C-CEBB-28D9ED586D03}.Release|Any CPU.Build.0 = Release|Any CPU
		{3185F97B-262D-478E-B009-271CEC4A7097}.Debug|Any CPU.ActiveCfg = Debug|Any CPU
		{3185F97B-262D-478E-B009-271CEC4A7097}.Debug|Any CPU.Build.0 = Debug|Any CPU
		{3185F97B-262D-478E-B009-271CEC4A7097}.Release|Any CPU.ActiveCfg = Release|Any CPU
		{3185F97B-262D-478E-B009-271CEC4A7097}.Release|Any CPU.Build.0 = Release|Any CPU
		{8ABFF932-98C6-4CB7-814A-4D3729BE95E0}.Debug|Any CPU.ActiveCfg = Debug|Any CPU
		{8ABFF932-98C6-4CB7-814A-4D3729BE95E0}.Debug|Any CPU.Build.0 = Debug|Any CPU
		{8ABFF932-98C6-4CB7-814A-4D3729BE95E0}.Release|Any CPU.ActiveCfg = Release|Any CPU
		{8ABFF932-98C6-4CB7-814A-4D3729BE95E0}.Release|Any CPU.Build.0 = Release|Any CPU
	EndGlobalSection
	GlobalSection(SolutionProperties) = preSolution
		HideSolutionNode = FALSE
	EndGlobalSection
	GlobalSection(ExtensibilityGlobals) = postSolution
		SolutionGuid = {1AC51697-BC0B-45AD-B8F1-C9E4496C5E05}
	EndGlobalSection
EndGlobal
